
Microsoft Visual Studio Solution File, Format Version 12.00
# Visual Studio Version 17
VisualStudioVersion = 17.2.32526.322
MinimumVisualStudioVersion = 10.0.40219.1
Project("{FAE04EC0-301F-11D3-BF4B-00C04F79EFBC}") = "WebApplicationTest", "WebApplicationTest\WebApplicationTest.csproj", "{CECD139D-1242-4D7B-A319-4E4E860F1FD2}"
EndProject
Project("{2150E333-8FDC-42A3-9474-1A3956D46DE8}") = "01-UI", "01-UI", "{508AEF0A-8DFE-4050-B2D8-9585382D549E}"
EndProject
Project("{2150E333-8FDC-42A3-9474-1A3956D46DE8}") = "02-Application", "02-Application", "{B9F3B334-1676-476D-8F7A-05EC59B2624B}"
EndProject
Project("{2150E333-8FDC-42A3-9474-1A3956D46DE8}") = "03-Domain", "03-Domain", "{1E01C846-784C-4B1D-9DA7-A0C255AB2902}"
EndProject
Project("{2150E333-8FDC-42A3-9474-1A3956D46DE8}") = "04-Infrastructure", "04-Infrastructure", "{289D6777-F12F-4FE2-8372-7E867C2D2ED3}"
EndProject
Project("{2150E333-8FDC-42A3-9474-1A3956D46DE8}") = "05-Util", "05-Util", "{ACD248BC-7541-4C61-B4EC-C3105588DE59}"
EndProject
Project("{2150E333-8FDC-42A3-9474-1A3956D46DE8}") = "99-Test", "99-Test", "{47A2C798-BE4A-4263-B6EC-DCF860F8C100}"
EndProject
Project("{FAE04EC0-301F-11D3-BF4B-00C04F79EFBC}") = "WebApplicationTest.Domain", "WebApplicationTest.Domain\WebApplicationTest.Domain.csproj", "{7097C04F-3186-4563-AB9B-B359C9ACABA1}"
EndProject
Project("{FAE04EC0-301F-11D3-BF4B-00C04F79EFBC}") = "WebApplicationTest.Service", "WebApplicationTest.Service\WebApplicationTest.Service.csproj", "{023D842E-0317-4A56-99C6-FF9CE5D6E705}"
EndProject
Project("{FAE04EC0-301F-11D3-BF4B-00C04F79EFBC}") = "WebApplicationTest.Infrastructure", "WebApplicationTest.Infrastructure\WebApplicationTest.Infrastructure.csproj", "{539F44E5-F195-4999-B396-0FE739C1D3D6}"
EndProject
Project("{FAE04EC0-301F-11D3-BF4B-00C04F79EFBC}") = "WebApplicationTest.Test", "WebApplicationTest.Test\WebApplicationTest.Test.csproj", "{CF81A05A-B413-4752-9577-C248B9D0ACE5}"
EndProject
Global
	GlobalSection(SolutionConfigurationPlatforms) = preSolution
		Debug|Any CPU = Debug|Any CPU
		Release|Any CPU = Release|Any CPU
	EndGlobalSection
	GlobalSection(ProjectConfigurationPlatforms) = postSolution
		{CECD139D-1242-4D7B-A319-4E4E860F1FD2}.Debug|Any CPU.ActiveCfg = Debug|Any CPU
		{CECD139D-1242-4D7B-A319-4E4E860F1FD2}.Debug|Any CPU.Build.0 = Debug|Any CPU
		{CECD139D-1242-4D7B-A319-4E4E860F1FD2}.Release|Any CPU.ActiveCfg = Release|Any CPU
		{CECD139D-1242-4D7B-A319-4E4E860F1FD2}.Release|Any CPU.Build.0 = Release|Any CPU
		{7097C04F-3186-4563-AB9B-B359C9ACABA1}.Debug|Any CPU.ActiveCfg = Debug|Any CPU
		{7097C04F-3186-4563-AB9B-B359C9ACABA1}.Debug|Any CPU.Build.0 = Debug|Any CPU
		{7097C04F-3186-4563-AB9B-B359C9ACABA1}.Release|Any CPU.ActiveCfg = Release|Any CPU
		{7097C04F-3186-4563-AB9B-B359C9ACABA1}.Release|Any CPU.Build.0 = Release|Any CPU
		{023D842E-0317-4A56-99C6-FF9CE5D6E705}.Debug|Any CPU.ActiveCfg = Debug|Any CPU
		{023D842E-0317-4A56-99C6-FF9CE5D6E705}.Debug|Any CPU.Build.0 = Debug|Any CPU
		{023D842E-0317-4A56-99C6-FF9CE5D6E705}.Release|Any CPU.ActiveCfg = Release|Any CPU
		{023D842E-0317-4A56-99C6-FF9CE5D6E705}.Release|Any CPU.Build.0 = Release|Any CPU
		{539F44E5-F195-4999-B396-0FE739C1D3D6}.Debug|Any CPU.ActiveCfg = Debug|Any CPU
		{539F44E5-F195-4999-B396-0FE739C1D3D6}.Debug|Any CPU.Build.0 = Debug|Any CPU
		{539F44E5-F195-4999-B396-0FE739C1D3D6}.Release|Any CPU.ActiveCfg = Release|Any CPU
		{539F44E5-F195-4999-B396-0FE739C1D3D6}.Release|Any CPU.Build.0 = Release|Any CPU
		{CF81A05A-B413-4752-9577-C248B9D0ACE5}.Debug|Any CPU.ActiveCfg = Debug|Any CPU
		{CF81A05A-B413-4752-9577-C248B9D0ACE5}.Debug|Any CPU.Build.0 = Debug|Any CPU
		{CF81A05A-B413-4752-9577-C248B9D0ACE5}.Release|Any CPU.ActiveCfg = Release|Any CPU
		{CF81A05A-B413-4752-9577-C248B9D0ACE5}.Release|Any CPU.Build.0 = Release|Any CPU
	EndGlobalSection
	GlobalSection(SolutionProperties) = preSolution
		HideSolutionNode = FALSE
	EndGlobalSection
	GlobalSection(NestedProjects) = preSolution
		{CECD139D-1242-4D7B-A319-4E4E860F1FD2} = {508AEF0A-8DFE-4050-B2D8-9585382D549E}
		{7097C04F-3186-4563-AB9B-B359C9ACABA1} = {1E01C846-784C-4B1D-9DA7-A0C255AB2902}
		{023D842E-0317-4A56-99C6-FF9CE5D6E705} = {B9F3B334-1676-476D-8F7A-05EC59B2624B}
		{539F44E5-F195-4999-B396-0FE739C1D3D6} = {289D6777-F12F-4FE2-8372-7E867C2D2ED3}
		{CF81A05A-B413-4752-9577-C248B9D0ACE5} = {47A2C798-BE4A-4263-B6EC-DCF860F8C100}
	EndGlobalSection
	GlobalSection(ExtensibilityGlobals) = postSolution
		SolutionGuid = {47441167-8982-47BA-B893-38BC083960BE}
	EndGlobalSection
EndGlobal
